
Microsoft Visual Studio Solution File, Format Version 12.00
# Visual Studio Version 16
VisualStudioVersion = 16.0.32228.343
MinimumVisualStudioVersion = 10.0.40219.1
Project("{FAE04EC0-301F-11D3-BF4B-00C04F79EFBC}") = "FindACouple", "FindACouple\FindACouple.csproj", "{8FF64D87-4A39-49E2-B3B8-DC869B59879F}"
EndProject
Global
	GlobalSection(SolutionConfigurationPlatforms) = preSolution
		Debug|Any CPU = Debug|Any CPU
		Release|Any CPU = Release|Any CPU
	EndGlobalSection
	GlobalSection(ProjectConfigurationPlatforms) = postSolution
		{8FF64D87-4A39-49E2-B3B8-DC869B59879F}.Debug|Any CPU.ActiveCfg = Debug|Any CPU
		{8FF64D87-4A39-49E2-B3B8-DC869B59879F}.Debug|Any CPU.Build.0 = Debug|Any CPU
		{8FF64D87-4A39-49E2-B3B8-DC869B59879F}.Release|Any CPU.ActiveCfg = Release|Any CPU
		{8FF64D87-4A39-49E2-B3B8-DC869B59879F}.Release|Any CPU.Build.0 = Release|Any CPU
	EndGlobalSection
	GlobalSection(SolutionProperties) = preSolution
		HideSolutionNode = FALSE
	EndGlobalSection
	GlobalSection(ExtensibilityGlobals) = postSolution
		SolutionGuid = {BAA0A715-A6AB-482A-9130-55AD628D25E6}
	EndGlobalSection
EndGlobal
